# THIS IS AN AUTOGENERATED FILE. DO NOT EDIT THIS FILE DIRECTLY.
# yarn lockfile v1


"@fullcalendar/daygrid@^6.1.11":
  version "6.1.11"
  resolved "https://registry.yarnpkg.com/@fullcalendar/daygrid/-/daygrid-6.1.11.tgz#83a5d4a94c314cf3a14b06bebba03b1b40e6d2ba"
  integrity sha512-hF5jJB7cgUIxWD5MVjj8IU407HISyLu7BWXcEIuTytkfr8oolOXeCazqnnjmRbnFOncoJQVstTtq6SIhaT32Xg==

"@fullcalendar/react@^6.1.11":
  version "6.1.11"
  resolved "https://registry.yarnpkg.com/@fullcalendar/react/-/react-6.1.11.tgz#93c81ace6c0559092112ef90d2e8ceb6d62a9a58"
  integrity sha512-Og0Tv0OiglTFp+b++yRyEhAeWnAmKkMLQ3iS0eJE1KDEov6QqGkoO+dUG4x8zp2w55IJqzik/a9iHi0s3oQDbA==

"immer@>=8.0.1 <10.0.0":
  version "9.0.21"
  resolved "https://registry.yarnpkg.com/immer/-/immer-9.0.21.tgz#1e025ea31a40f24fb064f1fef23e931496330176"
  integrity sha512-bc4NBHqOqSfRW7POMkHd51LvClaeMXpm8dx0e8oE2GORbq5aRK7Bxl4FyzVLdGtLmvLKL7BTDBG5ACQm4HWjTA==

react-model@^4.3.1:
  version "4.3.1"
  resolved "https://registry.yarnpkg.com/react-model/-/react-model-4.3.1.tgz#e40b9f87aec648c893c797405867aff722ccfca8"
  integrity sha512-C19K5EUTTETki5IVqppOD8u+xkJvwL6w/RK8SHLZ6cvU1YSjvscKiUGfYsQHxouk6OhdoSQYHkDbxxLanPs72A==
  dependencies:
    immer ">=8.0.1 <10.0.0"
